
Microsoft Visual Studio Solution File, Format Version 12.00
# Visual Studio Version 16
VisualStudioVersion = 16.0.31515.178
MinimumVisualStudioVersion = 10.0.40219.1
Project("{8BC9CEB8-8B4A-11D0-8D11-00A0C91BC942}") = "class_people", "class_people\class_people.vcxproj", "{F05277E3-346B-410D-93CA-7DAA0BDE3BCD}"
EndProject
Global
	GlobalSection(SolutionConfigurationPlatforms) = preSolution
		Debug|x64 = Debug|x64
		Debug|x86 = Debug|x86
		Release|x64 = Release|x64
		Release|x86 = Release|x86
	EndGlobalSection
	GlobalSection(ProjectConfigurationPlatforms) = postSolution
		{F05277E3-346B-410D-93CA-7DAA0BDE3BCD}.Debug|x64.ActiveCfg = Debug|x64
		{F05277E3-346B-410D-93CA-7DAA0BDE3BCD}.Debug|x64.Build.0 = Debug|x64
		{F05277E3-346B-410D-93CA-7DAA0BDE3BCD}.Debug|x86.ActiveCfg = Debug|Win32
		{F05277E3-346B-410D-93CA-7DAA0BDE3BCD}.Debug|x86.Build.0 = Debug|Win32
		{F05277E3-346B-410D-93CA-7DAA0BDE3BCD}.Release|x64.ActiveCfg = Release|x64
		{F05277E3-346B-410D-93CA-7DAA0BDE3BCD}.Release|x64.Build.0 = Release|x64
		{F05277E3-346B-410D-93CA-7DAA0BDE3BCD}.Release|x86.ActiveCfg = Release|Win32
		{F05277E3-346B-410D-93CA-7DAA0BDE3BCD}.Release|x86.Build.0 = Release|Win32
	EndGlobalSection
	GlobalSection(SolutionProperties) = preSolution
		HideSolutionNode = FALSE
	EndGlobalSection
	GlobalSection(ExtensibilityGlobals) = postSolution
		SolutionGuid = {519AF0E7-A0FE-470F-B0C1-F7AD124BB8E7}
	EndGlobalSection
EndGlobal
